
Microsoft Visual Studio Solution File, Format Version 10.00
# Visual Studio 2008
Project("{FAE04EC0-301F-11D3-BF4B-00C04F79EFBC}") = "Svg", "Source\Svg.csproj", "{886A98C5-37C0-4E8B-885E-30C1D2F98B47}"
EndProject
Project("{FAE04EC0-301F-11D3-BF4B-00C04F79EFBC}") = "SVGViewer", "Samples\SVGViewer\SVGViewer.csproj", "{1B8F3C8A-CCAC-474E-B09D-522FBA93DCFD}"
EndProject
Project("{FAE04EC0-301F-11D3-BF4B-00C04F79EFBC}") = "SvgSample", "Samples\RuntimeUpdates\SvgSample.csproj", "{9782B15C-D0BA-4A4E-9A03-F97082AF9256}"
EndProject
Project("{FAE04EC0-301F-11D3-BF4B-00C04F79EFBC}") = "Entities", "Samples\Entities\Entities.csproj", "{F34CF345-E7EF-4354-B49A-AFE7A78442A7}"
EndProject
Global
	GlobalSection(SolutionConfigurationPlatforms) = preSolution
		Debug|Any CPU = Debug|Any CPU
		Debug|Mixed Platforms = Debug|Mixed Platforms
		Debug|x86 = Debug|x86
		Release|Any CPU = Release|Any CPU
		Release|Mixed Platforms = Release|Mixed Platforms
		Release|x86 = Release|x86
	EndGlobalSection
	GlobalSection(ProjectConfigurationPlatforms) = postSolution
		{886A98C5-37C0-4E8B-885E-30C1D2F98B47}.Debug|Any CPU.ActiveCfg = Debug|Any CPU
		{886A98C5-37C0-4E8B-885E-30C1D2F98B47}.Debug|Any CPU.Build.0 = Debug|Any CPU
		{886A98C5-37C0-4E8B-885E-30C1D2F98B47}.Debug|Mixed Platforms.ActiveCfg = Debug|Any CPU
		{886A98C5-37C0-4E8B-885E-30C1D2F98B47}.Debug|Mixed Platforms.Build.0 = Debug|Any CPU
		{886A98C5-37C0-4E8B-885E-30C1D2F98B47}.Debug|x86.ActiveCfg = Debug|Any CPU
		{886A98C5-37C0-4E8B-885E-30C1D2F98B47}.Release|Any CPU.ActiveCfg = Release|Any CPU
		{886A98C5-37C0-4E8B-885E-30C1D2F98B47}.Release|Any CPU.Build.0 = Release|Any CPU
		{886A98C5-37C0-4E8B-885E-30C1D2F98B47}.Release|Mixed Platforms.ActiveCfg = Release|Any CPU
		{886A98C5-37C0-4E8B-885E-30C1D2F98B47}.Release|Mixed Platforms.Build.0 = Release|Any CPU
		{886A98C5-37C0-4E8B-885E-30C1D2F98B47}.Release|x86.ActiveCfg = Release|Any CPU
		{1B8F3C8A-CCAC-474E-B09D-522FBA93DCFD}.Debug|Any CPU.ActiveCfg = Debug|Any CPU
		{1B8F3C8A-CCAC-474E-B09D-522FBA93DCFD}.Debug|Any CPU.Build.0 = Debug|Any CPU
		{1B8F3C8A-CCAC-474E-B09D-522FBA93DCFD}.Debug|Mixed Platforms.ActiveCfg = Debug|Any CPU
		{1B8F3C8A-CCAC-474E-B09D-522FBA93DCFD}.Debug|Mixed Platforms.Build.0 = Debug|Any CPU
		{1B8F3C8A-CCAC-474E-B09D-522FBA93DCFD}.Debug|x86.ActiveCfg = Debug|Any CPU
		{1B8F3C8A-CCAC-474E-B09D-522FBA93DCFD}.Release|Any CPU.ActiveCfg = Release|Any CPU
		{1B8F3C8A-CCAC-474E-B09D-522FBA93DCFD}.Release|Any CPU.Build.0 = Release|Any CPU
		{1B8F3C8A-CCAC-474E-B09D-522FBA93DCFD}.Release|Mixed Platforms.ActiveCfg = Release|Any CPU
		{1B8F3C8A-CCAC-474E-B09D-522FBA93DCFD}.Release|Mixed Platforms.Build.0 = Release|Any CPU
		{1B8F3C8A-CCAC-474E-B09D-522FBA93DCFD}.Release|x86.ActiveCfg = Release|Any CPU
		{9782B15C-D0BA-4A4E-9A03-F97082AF9256}.Debug|Any CPU.ActiveCfg = Debug|x86
		{9782B15C-D0BA-4A4E-9A03-F97082AF9256}.Debug|Mixed Platforms.ActiveCfg = Debug|x86
		{9782B15C-D0BA-4A4E-9A03-F97082AF9256}.Debug|Mixed Platforms.Build.0 = Debug|x86
		{9782B15C-D0BA-4A4E-9A03-F97082AF9256}.Debug|x86.ActiveCfg = Debug|x86
		{9782B15C-D0BA-4A4E-9A03-F97082AF9256}.Debug|x86.Build.0 = Debug|x86
		{9782B15C-D0BA-4A4E-9A03-F97082AF9256}.Release|Any CPU.ActiveCfg = Release|x86
		{9782B15C-D0BA-4A4E-9A03-F97082AF9256}.Release|Mixed Platforms.ActiveCfg = Release|x86
		{9782B15C-D0BA-4A4E-9A03-F97082AF9256}.Release|Mixed Platforms.Build.0 = Release|x86
		{9782B15C-D0BA-4A4E-9A03-F97082AF9256}.Release|x86.ActiveCfg = Release|x86
		{9782B15C-D0BA-4A4E-9A03-F97082AF9256}.Release|x86.Build.0 = Release|x86
		{F34CF345-E7EF-4354-B49A-AFE7A78442A7}.Debug|Any CPU.ActiveCfg = Debug|x86
		{F34CF345-E7EF-4354-B49A-AFE7A78442A7}.Debug|Mixed Platforms.ActiveCfg = Debug|x86
		{F34CF345-E7EF-4354-B49A-AFE7A78442A7}.Debug|Mixed Platforms.Build.0 = Debug|x86
		{F34CF345-E7EF-4354-B49A-AFE7A78442A7}.Debug|x86.ActiveCfg = Debug|x86
		{F34CF345-E7EF-4354-B49A-AFE7A78442A7}.Debug|x86.Build.0 = Debug|x86
		{F34CF345-E7EF-4354-B49A-AFE7A78442A7}.Release|Any CPU.ActiveCfg = Release|x86
		{F34CF345-E7EF-4354-B49A-AFE7A78442A7}.Release|Mixed Platforms.ActiveCfg = Release|x86
		{F34CF345-E7EF-4354-B49A-AFE7A78442A7}.Release|Mixed Platforms.Build.0 = Release|x86
		{F34CF345-E7EF-4354-B49A-AFE7A78442A7}.Release|x86.ActiveCfg = Release|x86
		{F34CF345-E7EF-4354-B49A-AFE7A78442A7}.Release|x86.Build.0 = Release|x86
	EndGlobalSection
	GlobalSection(SolutionProperties) = preSolution
		HideSolutionNode = FALSE
	EndGlobalSection
EndGlobal
